
Microsoft Visual Studio Solution File, Format Version 12.00
# Visual Studio Version 17
VisualStudioVersion = 17.2.32630.192
MinimumVisualStudioVersion = 10.0.40219.1
Project("{FAE04EC0-301F-11D3-BF4B-00C04F79EFBC}") = "Team Game Project", "Team Game Project\Team Game Project.csproj", "{262D6A78-5924-4B33-B457-E45A1C00D545}"
EndProject
Global
	GlobalSection(SolutionConfigurationPlatforms) = preSolution
		Debug|Any CPU = Debug|Any CPU
		Release|Any CPU = Release|Any CPU
	EndGlobalSection
	GlobalSection(ProjectConfigurationPlatforms) = postSolution
		{262D6A78-5924-4B33-B457-E45A1C00D545}.Debug|Any CPU.ActiveCfg = Debug|Any CPU
		{262D6A78-5924-4B33-B457-E45A1C00D545}.Debug|Any CPU.Build.0 = Debug|Any CPU
		{262D6A78-5924-4B33-B457-E45A1C00D545}.Release|Any CPU.ActiveCfg = Release|Any CPU
		{262D6A78-5924-4B33-B457-E45A1C00D545}.Release|Any CPU.Build.0 = Release|Any CPU
	EndGlobalSection
	GlobalSection(SolutionProperties) = preSolution
		HideSolutionNode = FALSE
	EndGlobalSection
	GlobalSection(ExtensibilityGlobals) = postSolution
		SolutionGuid = {847B9B7E-AA5F-4104-8E85-783E593B9439}
	EndGlobalSection
EndGlobal
